// !$*UTF8*$!
{
	archiveVersion = 1;
	classes = {
	};
	objectVersion = 55;
	objects = {

/* Begin PBXBuildFile section */
		3461A48D2A2FA72C00B00520 /* TodoList.xcdatamodeld in Sources */ = {isa = PBXBuildFile; fileRef = 3461A48B2A2FA72C00B00520 /* TodoList.xcdatamodeld */; };
		3461A48E2A2FA72C00B00520 /* TodoList.xcdatamodeld in Sources */ = {isa = PBXBuildFile; fileRef = 3461A48B2A2FA72C00B00520 /* TodoList.xcdatamodeld */; };
		34E4C3172A01B1580030D038 /* IntentsDefinition.intentdefinition in Sources */ = {isa = PBXBuildFile; fileRef = 643F4E9C29D4E2EC00C5D114 /* IntentsDefinition.intentdefinition */; };
		34E4C3182A01B1590030D038 /* IntentsDefinition.intentdefinition in Sources */ = {isa = PBXBuildFile; fileRef = 643F4E9C29D4E2EC00C5D114 /* IntentsDefinition.intentdefinition */; };
		34E4C31A2A01B8460030D038 /* IntentHandler.swift in Sources */ = {isa = PBXBuildFile; fileRef = 34E4C3192A01B8460030D038 /* IntentHandler.swift */; };
		6422E8692901F5B500990A4B /* AppDelegate.swift in Sources */ = {isa = PBXBuildFile; fileRef = 6422E8682901F5B500990A4B /* AppDelegate.swift */; };
		6422E86D2901F5B500990A4B /* MainViewController.swift in Sources */ = {isa = PBXBuildFile; fileRef = 6422E86C2901F5B500990A4B /* MainViewController.swift */; };
		6422E8722901F5B700990A4B /* Assets.xcassets in Resources */ = {isa = PBXBuildFile; fileRef = 6422E8712901F5B700990A4B /* Assets.xcassets */; };
		6422E8752901F5B700990A4B /* LaunchScreen.storyboard in Resources */ = {isa = PBXBuildFile; fileRef = 6422E8732901F5B700990A4B /* LaunchScreen.storyboard */; };
		6422E8802901F5B700990A4B /* MainViewModelTests.swift in Sources */ = {isa = PBXBuildFile; fileRef = 6422E87F2901F5B700990A4B /* MainViewModelTests.swift */; };
		6422E88A2901F5B700990A4B /* AddItemViewUITest.swift in Sources */ = {isa = PBXBuildFile; fileRef = 6422E8892901F5B700990A4B /* AddItemViewUITest.swift */; };
		6422E89C290200F100990A4B /* MainCoordinator.swift in Sources */ = {isa = PBXBuildFile; fileRef = 6422E89B290200F100990A4B /* MainCoordinator.swift */; };
		642A57DD29775A1000A479D5 /* MainViewTest+Protocols.swift in Sources */ = {isa = PBXBuildFile; fileRef = 642A57DC29775A1000A479D5 /* MainViewTest+Protocols.swift */; };
		642A57DF29775FDE00A479D5 /* AddItemViewModelTests.swift in Sources */ = {isa = PBXBuildFile; fileRef = 642A57DE29775FDE00A479D5 /* AddItemViewModelTests.swift */; };
		642A57E1297772F700A479D5 /* AddItemViewTest+Protocols.swift in Sources */ = {isa = PBXBuildFile; fileRef = 642A57E0297772F700A479D5 /* AddItemViewTest+Protocols.swift */; };
		642A57E32977868A00A479D5 /* DetailViewTest+Protocols.swift in Sources */ = {isa = PBXBuildFile; fileRef = 642A57E22977868A00A479D5 /* DetailViewTest+Protocols.swift */; };
		642A57E52977874200A479D5 /* DetailViewModelTests.swift in Sources */ = {isa = PBXBuildFile; fileRef = 642A57E42977874200A479D5 /* DetailViewModelTests.swift */; };
		642A57EA29778DBE00A479D5 /* TodoItemCellTests.swift in Sources */ = {isa = PBXBuildFile; fileRef = 642A57E929778DBE00A479D5 /* TodoItemCellTests.swift */; };
		642A57ED2977947900A479D5 /* MainViewControllerTests.swift in Sources */ = {isa = PBXBuildFile; fileRef = 642A57EC2977947900A479D5 /* MainViewControllerTests.swift */; };
		642EFE2B29BFE96200F277AC /* DetailViewUITests.swift in Sources */ = {isa = PBXBuildFile; fileRef = 642EFE2A29BFE96200F277AC /* DetailViewUITests.swift */; };
		643587702909E4D000D59F7C /* MainViewModel.swift in Sources */ = {isa = PBXBuildFile; fileRef = 6435876F2909E4D000D59F7C /* MainViewModel.swift */; };
		643587722909E54A00D59F7C /* Box.swift in Sources */ = {isa = PBXBuildFile; fileRef = 643587712909E54A00D59F7C /* Box.swift */; };
		643F4E7B29D4E26D00C5D114 /* Intents.framework in Frameworks */ = {isa = PBXBuildFile; fileRef = 643F4E7A29D4E26D00C5D114 /* Intents.framework */; };
		643F4E8629D4E26D00C5D114 /* IntentsUI.framework in Frameworks */ = {isa = PBXBuildFile; fileRef = 643F4E8529D4E26D00C5D114 /* IntentsUI.framework */; };
		643F4E8929D4E26D00C5D114 /* IntentViewController.swift in Sources */ = {isa = PBXBuildFile; fileRef = 643F4E8829D4E26D00C5D114 /* IntentViewController.swift */; };
		643F4E8C29D4E26D00C5D114 /* MainInterface.storyboard in Resources */ = {isa = PBXBuildFile; fileRef = 643F4E8A29D4E26D00C5D114 /* MainInterface.storyboard */; };
		643F4E9029D4E26D00C5D114 /* TodoListIntentsUI.appex in Embed Foundation Extensions */ = {isa = PBXBuildFile; fileRef = 643F4E8429D4E26D00C5D114 /* TodoListIntentsUI.appex */; settings = {ATTRIBUTES = (RemoveHeadersOnCopy, ); }; };
		643F4E9329D4E26E00C5D114 /* TodoListIntents.appex in Embed Foundation Extensions */ = {isa = PBXBuildFile; fileRef = 643F4E7829D4E26D00C5D114 /* TodoListIntents.appex */; settings = {ATTRIBUTES = (RemoveHeadersOnCopy, ); }; };
		643F51C8293EDA04003B1AFC /* DetailCoordinator.swift in Sources */ = {isa = PBXBuildFile; fileRef = 643F51C7293EDA04003B1AFC /* DetailCoordinator.swift */; };
		643F51CA293EDA13003B1AFC /* DetailViewModel.swift in Sources */ = {isa = PBXBuildFile; fileRef = 643F51C9293EDA13003B1AFC /* DetailViewModel.swift */; };
		643F51CC293EDA20003B1AFC /* DetailViewController.swift in Sources */ = {isa = PBXBuildFile; fileRef = 643F51CB293EDA20003B1AFC /* DetailViewController.swift */; };
		646CC8452A9DA5A10063A39A /* DataManager.swift in Sources */ = {isa = PBXBuildFile; fileRef = 646CC8412A9DA5A10063A39A /* DataManager.swift */; };
		646CC8462A9DA5A10063A39A /* Item.swift in Sources */ = {isa = PBXBuildFile; fileRef = 646CC8432A9DA5A10063A39A /* Item.swift */; };
		646CC8472A9DA5A10063A39A /* DataItem.swift in Sources */ = {isa = PBXBuildFile; fileRef = 646CC8442A9DA5A10063A39A /* DataItem.swift */; };
		646CC8482A9DA5D90063A39A /* DataManager.swift in Sources */ = {isa = PBXBuildFile; fileRef = 646CC8412A9DA5A10063A39A /* DataManager.swift */; };
		646CC8492A9DA5DA0063A39A /* DataManager.swift in Sources */ = {isa = PBXBuildFile; fileRef = 646CC8412A9DA5A10063A39A /* DataManager.swift */; };
		646CC84A2A9DA6010063A39A /* Item.swift in Sources */ = {isa = PBXBuildFile; fileRef = 646CC8432A9DA5A10063A39A /* Item.swift */; };
		646CC84B2A9DA6010063A39A /* Item.swift in Sources */ = {isa = PBXBuildFile; fileRef = 646CC8432A9DA5A10063A39A /* Item.swift */; };
		646CC84C2A9DA6040063A39A /* DataItem.swift in Sources */ = {isa = PBXBuildFile; fileRef = 646CC8442A9DA5A10063A39A /* DataItem.swift */; };
		646CC84D2A9DA6040063A39A /* DataItem.swift in Sources */ = {isa = PBXBuildFile; fileRef = 646CC8442A9DA5A10063A39A /* DataItem.swift */; };
		646CC84E2A9DA62F0063A39A /* TodoList.xcdatamodeld in Sources */ = {isa = PBXBuildFile; fileRef = 3461A48B2A2FA72C00B00520 /* TodoList.xcdatamodeld */; };
		648DB02D29FA17EA00079C65 /* TodoListIntentHandler.swift in Sources */ = {isa = PBXBuildFile; fileRef = 643F4E9F29D4E7A800C5D114 /* TodoListIntentHandler.swift */; };
		64A4658F29A42B5800A504C4 /* AddItemViewControllerTests.swift in Sources */ = {isa = PBXBuildFile; fileRef = 64A4658E29A42B5800A504C4 /* AddItemViewControllerTests.swift */; };
		64A4659129A4340800A504C4 /* DetailViewControllerTests.swift in Sources */ = {isa = PBXBuildFile; fileRef = 64A4659029A4340800A504C4 /* DetailViewControllerTests.swift */; };
		64A4659329A43D5300A504C4 /* MainViewUITest.swift in Sources */ = {isa = PBXBuildFile; fileRef = 64A4659229A43D5300A504C4 /* MainViewUITest.swift */; };
		64A4659829A445EC00A504C4 /* MainViewCoordinatorTests.swift in Sources */ = {isa = PBXBuildFile; fileRef = 64A4659729A445EC00A504C4 /* MainViewCoordinatorTests.swift */; };
		64A4659A29A466D300A504C4 /* AddItemCoordinatorTests.swift in Sources */ = {isa = PBXBuildFile; fileRef = 64A4659929A466D300A504C4 /* AddItemCoordinatorTests.swift */; };
		64A4659C29A468DE00A504C4 /* DetailViewCoordinatorTests.swift in Sources */ = {isa = PBXBuildFile; fileRef = 64A4659B29A468DE00A504C4 /* DetailViewCoordinatorTests.swift */; };
		64B0101B2966278600D18A99 /* CoreDataManagerMock.swift in Sources */ = {isa = PBXBuildFile; fileRef = 64B0101A2966278600D18A99 /* CoreDataManagerMock.swift */; };
		64B649EF295A3D72005A92B4 /* CustomError.swift in Sources */ = {isa = PBXBuildFile; fileRef = 64B649EE295A3D72005A92B4 /* CustomError.swift */; };
		64BC2033290302C00032BEBE /* AppCoordinator.swift in Sources */ = {isa = PBXBuildFile; fileRef = 64BC2032290302C00032BEBE /* AppCoordinator.swift */; };
		64BC203629034D4C0032BEBE /* TodoItem.swift in Sources */ = {isa = PBXBuildFile; fileRef = 64BC203529034D4C0032BEBE /* TodoItem.swift */; };
		64CCDDC129A66F0100A13F90 /* UITableView.swift in Sources */ = {isa = PBXBuildFile; fileRef = 64CCDDC029A66F0100A13F90 /* UITableView.swift */; };
		64CCDDC329A672F500A13F90 /* UINavigationController.swift in Sources */ = {isa = PBXBuildFile; fileRef = 64CCDDC229A672F500A13F90 /* UINavigationController.swift */; };
		64D5125D291B056000D9E634 /* TodoItemCell.swift in Sources */ = {isa = PBXBuildFile; fileRef = 64D5125C291B056000D9E634 /* TodoItemCell.swift */; };
		64ED3A3F291485C8002B9CF1 /* AddItemViewController.swift in Sources */ = {isa = PBXBuildFile; fileRef = 64ED3A3E291485C8002B9CF1 /* AddItemViewController.swift */; };
		64ED3A41291485D7002B9CF1 /* AddItemCoordinator.swift in Sources */ = {isa = PBXBuildFile; fileRef = 64ED3A40291485D7002B9CF1 /* AddItemCoordinator.swift */; };
		64ED3A43291485E3002B9CF1 /* AddItemViewModel.swift in Sources */ = {isa = PBXBuildFile; fileRef = 64ED3A42291485E3002B9CF1 /* AddItemViewModel.swift */; };
/* End PBXBuildFile section */

/* Begin PBXContainerItemProxy section */
		6422E87C2901F5B700990A4B /* PBXContainerItemProxy */ = {
			isa = PBXContainerItemProxy;
			containerPortal = 6422E85D2901F5B500990A4B /* Project object */;
			proxyType = 1;
			remoteGlobalIDString = 6422E8642901F5B500990A4B;
			remoteInfo = TodoList;
		};
		6422E8862901F5B700990A4B /* PBXContainerItemProxy */ = {
			isa = PBXContainerItemProxy;
			containerPortal = 6422E85D2901F5B500990A4B /* Project object */;
			proxyType = 1;
			remoteGlobalIDString = 6422E8642901F5B500990A4B;
			remoteInfo = TodoList;
		};
		643F4E8E29D4E26D00C5D114 /* PBXContainerItemProxy */ = {
			isa = PBXContainerItemProxy;
			containerPortal = 6422E85D2901F5B500990A4B /* Project object */;
			proxyType = 1;
			remoteGlobalIDString = 643F4E8329D4E26D00C5D114;
			remoteInfo = TodoListIntentsUI;
		};
		643F4E9129D4E26E00C5D114 /* PBXContainerItemProxy */ = {
			isa = PBXContainerItemProxy;
			containerPortal = 6422E85D2901F5B500990A4B /* Project object */;
			proxyType = 1;
			remoteGlobalIDString = 643F4E7729D4E26D00C5D114;
			remoteInfo = TodoListIntents;
		};
/* End PBXContainerItemProxy section */

/* Begin PBXCopyFilesBuildPhase section */
		643F4E9A29D4E26E00C5D114 /* Embed Foundation Extensions */ = {
			isa = PBXCopyFilesBuildPhase;
			buildActionMask = 2147483647;
			dstPath = "";
			dstSubfolderSpec = 13;
			files = (
				643F4E9329D4E26E00C5D114 /* TodoListIntents.appex in Embed Foundation Extensions */,
				643F4E9029D4E26D00C5D114 /* TodoListIntentsUI.appex in Embed Foundation Extensions */,
			);
			name = "Embed Foundation Extensions";
			runOnlyForDeploymentPostprocessing = 0;
		};
/* End PBXCopyFilesBuildPhase section */

/* Begin PBXFileReference section */
		344890122A2FA44300DD0216 /* TodoListIntents.entitlements */ = {isa = PBXFileReference; lastKnownFileType = text.plist.entitlements; path = TodoListIntents.entitlements; sourceTree = "<group>"; };
		3461A48C2A2FA72C00B00520 /* TodoList.xcdatamodel */ = {isa = PBXFileReference; lastKnownFileType = wrapper.xcdatamodel; path = TodoList.xcdatamodel; sourceTree = "<group>"; };
		34E4C3192A01B8460030D038 /* IntentHandler.swift */ = {isa = PBXFileReference; lastKnownFileType = sourcecode.swift; path = IntentHandler.swift; sourceTree = "<group>"; };
		6422E8652901F5B500990A4B /* TodoList.app */ = {isa = PBXFileReference; explicitFileType = wrapper.application; includeInIndex = 0; path = TodoList.app; sourceTree = BUILT_PRODUCTS_DIR; };
		6422E8682901F5B500990A4B /* AppDelegate.swift */ = {isa = PBXFileReference; lastKnownFileType = sourcecode.swift; path = AppDelegate.swift; sourceTree = "<group>"; };
		6422E86C2901F5B500990A4B /* MainViewController.swift */ = {isa = PBXFileReference; lastKnownFileType = sourcecode.swift; path = MainViewController.swift; sourceTree = "<group>"; };
		6422E8712901F5B700990A4B /* Assets.xcassets */ = {isa = PBXFileReference; lastKnownFileType = folder.assetcatalog; path = Assets.xcassets; sourceTree = "<group>"; };
		6422E8742901F5B700990A4B /* Base */ = {isa = PBXFileReference; lastKnownFileType = file.storyboard; name = Base; path = Base.lproj/LaunchScreen.storyboard; sourceTree = "<group>"; };
		6422E8762901F5B700990A4B /* Info.plist */ = {isa = PBXFileReference; lastKnownFileType = text.plist.xml; path = Info.plist; sourceTree = "<group>"; };
		6422E87B2901F5B700990A4B /* TodoListTests.xctest */ = {isa = PBXFileReference; explicitFileType = wrapper.cfbundle; includeInIndex = 0; path = TodoListTests.xctest; sourceTree = BUILT_PRODUCTS_DIR; };
		6422E87F2901F5B700990A4B /* MainViewModelTests.swift */ = {isa = PBXFileReference; lastKnownFileType = sourcecode.swift; path = MainViewModelTests.swift; sourceTree = "<group>"; };
		6422E8852901F5B700990A4B /* TodoListUITests.xctest */ = {isa = PBXFileReference; explicitFileType = wrapper.cfbundle; includeInIndex = 0; path = TodoListUITests.xctest; sourceTree = BUILT_PRODUCTS_DIR; };
		6422E8892901F5B700990A4B /* AddItemViewUITest.swift */ = {isa = PBXFileReference; lastKnownFileType = sourcecode.swift; path = AddItemViewUITest.swift; sourceTree = "<group>"; };
		6422E89B290200F100990A4B /* MainCoordinator.swift */ = {isa = PBXFileReference; lastKnownFileType = sourcecode.swift; path = MainCoordinator.swift; sourceTree = "<group>"; };
		642A57DC29775A1000A479D5 /* MainViewTest+Protocols.swift */ = {isa = PBXFileReference; lastKnownFileType = sourcecode.swift; path = "MainViewTest+Protocols.swift"; sourceTree = "<group>"; };
		642A57DE29775FDE00A479D5 /* AddItemViewModelTests.swift */ = {isa = PBXFileReference; lastKnownFileType = sourcecode.swift; path = AddItemViewModelTests.swift; sourceTree = "<group>"; };
		642A57E0297772F700A479D5 /* AddItemViewTest+Protocols.swift */ = {isa = PBXFileReference; lastKnownFileType = sourcecode.swift; path = "AddItemViewTest+Protocols.swift"; sourceTree = "<group>"; };
		642A57E22977868A00A479D5 /* DetailViewTest+Protocols.swift */ = {isa = PBXFileReference; lastKnownFileType = sourcecode.swift; path = "DetailViewTest+Protocols.swift"; sourceTree = "<group>"; };
		642A57E42977874200A479D5 /* DetailViewModelTests.swift */ = {isa = PBXFileReference; lastKnownFileType = sourcecode.swift; path = DetailViewModelTests.swift; sourceTree = "<group>"; };
		642A57E929778DBE00A479D5 /* TodoItemCellTests.swift */ = {isa = PBXFileReference; lastKnownFileType = sourcecode.swift; path = TodoItemCellTests.swift; sourceTree = "<group>"; };
		642A57EC2977947900A479D5 /* MainViewControllerTests.swift */ = {isa = PBXFileReference; lastKnownFileType = sourcecode.swift; path = MainViewControllerTests.swift; sourceTree = "<group>"; };
		642EFE2A29BFE96200F277AC /* DetailViewUITests.swift */ = {isa = PBXFileReference; lastKnownFileType = sourcecode.swift; path = DetailViewUITests.swift; sourceTree = "<group>"; };
		6435876F2909E4D000D59F7C /* MainViewModel.swift */ = {isa = PBXFileReference; lastKnownFileType = sourcecode.swift; path = MainViewModel.swift; sourceTree = "<group>"; };
		643587712909E54A00D59F7C /* Box.swift */ = {isa = PBXFileReference; lastKnownFileType = sourcecode.swift; path = Box.swift; sourceTree = "<group>"; };
		643F4E7329D4E13800C5D114 /* TodoList.entitlements */ = {isa = PBXFileReference; lastKnownFileType = text.plist.entitlements; path = TodoList.entitlements; sourceTree = "<group>"; };
		643F4E7829D4E26D00C5D114 /* TodoListIntents.appex */ = {isa = PBXFileReference; explicitFileType = "wrapper.app-extension"; includeInIndex = 0; path = TodoListIntents.appex; sourceTree = BUILT_PRODUCTS_DIR; };
		643F4E7A29D4E26D00C5D114 /* Intents.framework */ = {isa = PBXFileReference; lastKnownFileType = wrapper.framework; name = Intents.framework; path = System/Library/Frameworks/Intents.framework; sourceTree = SDKROOT; };
		643F4E7F29D4E26D00C5D114 /* Info.plist */ = {isa = PBXFileReference; lastKnownFileType = text.plist.xml; path = Info.plist; sourceTree = "<group>"; };
		643F4E8429D4E26D00C5D114 /* TodoListIntentsUI.appex */ = {isa = PBXFileReference; explicitFileType = "wrapper.app-extension"; includeInIndex = 0; path = TodoListIntentsUI.appex; sourceTree = BUILT_PRODUCTS_DIR; };
		643F4E8529D4E26D00C5D114 /* IntentsUI.framework */ = {isa = PBXFileReference; lastKnownFileType = wrapper.framework; name = IntentsUI.framework; path = System/Library/Frameworks/IntentsUI.framework; sourceTree = SDKROOT; };
		643F4E8829D4E26D00C5D114 /* IntentViewController.swift */ = {isa = PBXFileReference; lastKnownFileType = sourcecode.swift; path = IntentViewController.swift; sourceTree = "<group>"; };
		643F4E8B29D4E26D00C5D114 /* Base */ = {isa = PBXFileReference; lastKnownFileType = file.storyboard; name = Base; path = Base.lproj/MainInterface.storyboard; sourceTree = "<group>"; };
		643F4E8D29D4E26D00C5D114 /* Info.plist */ = {isa = PBXFileReference; lastKnownFileType = text.plist.xml; path = Info.plist; sourceTree = "<group>"; };
		643F4E9C29D4E2EC00C5D114 /* IntentsDefinition.intentdefinition */ = {isa = PBXFileReference; lastKnownFileType = file.intentdefinition; path = IntentsDefinition.intentdefinition; sourceTree = "<group>"; };
		643F4E9F29D4E7A800C5D114 /* TodoListIntentHandler.swift */ = {isa = PBXFileReference; lastKnownFileType = sourcecode.swift; path = TodoListIntentHandler.swift; sourceTree = "<group>"; };
		643F51C7293EDA04003B1AFC /* DetailCoordinator.swift */ = {isa = PBXFileReference; lastKnownFileType = sourcecode.swift; path = DetailCoordinator.swift; sourceTree = "<group>"; };
		643F51C9293EDA13003B1AFC /* DetailViewModel.swift */ = {isa = PBXFileReference; lastKnownFileType = sourcecode.swift; path = DetailViewModel.swift; sourceTree = "<group>"; };
		643F51CB293EDA20003B1AFC /* DetailViewController.swift */ = {isa = PBXFileReference; lastKnownFileType = sourcecode.swift; path = DetailViewController.swift; sourceTree = "<group>"; };
		646CC8412A9DA5A10063A39A /* DataManager.swift */ = {isa = PBXFileReference; fileEncoding = 4; lastKnownFileType = sourcecode.swift; path = DataManager.swift; sourceTree = "<group>"; };
		646CC8432A9DA5A10063A39A /* Item.swift */ = {isa = PBXFileReference; fileEncoding = 4; lastKnownFileType = sourcecode.swift; path = Item.swift; sourceTree = "<group>"; };
		646CC8442A9DA5A10063A39A /* DataItem.swift */ = {isa = PBXFileReference; fileEncoding = 4; lastKnownFileType = sourcecode.swift; path = DataItem.swift; sourceTree = "<group>"; };
		64A4658E29A42B5800A504C4 /* AddItemViewControllerTests.swift */ = {isa = PBXFileReference; lastKnownFileType = sourcecode.swift; path = AddItemViewControllerTests.swift; sourceTree = "<group>"; };
		64A4659029A4340800A504C4 /* DetailViewControllerTests.swift */ = {isa = PBXFileReference; lastKnownFileType = sourcecode.swift; path = DetailViewControllerTests.swift; sourceTree = "<group>"; };
		64A4659229A43D5300A504C4 /* MainViewUITest.swift */ = {isa = PBXFileReference; lastKnownFileType = sourcecode.swift; path = MainViewUITest.swift; sourceTree = "<group>"; };
		64A4659729A445EC00A504C4 /* MainViewCoordinatorTests.swift */ = {isa = PBXFileReference; lastKnownFileType = sourcecode.swift; path = MainViewCoordinatorTests.swift; sourceTree = "<group>"; };
		64A4659929A466D300A504C4 /* AddItemCoordinatorTests.swift */ = {isa = PBXFileReference; lastKnownFileType = sourcecode.swift; path = AddItemCoordinatorTests.swift; sourceTree = "<group>"; };
		64A4659B29A468DE00A504C4 /* DetailViewCoordinatorTests.swift */ = {isa = PBXFileReference; lastKnownFileType = sourcecode.swift; path = DetailViewCoordinatorTests.swift; sourceTree = "<group>"; };
		64B0101A2966278600D18A99 /* CoreDataManagerMock.swift */ = {isa = PBXFileReference; lastKnownFileType = sourcecode.swift; path = CoreDataManagerMock.swift; sourceTree = "<group>"; };
		64B649EE295A3D72005A92B4 /* CustomError.swift */ = {isa = PBXFileReference; lastKnownFileType = sourcecode.swift; path = CustomError.swift; sourceTree = "<group>"; };
		64BC2032290302C00032BEBE /* AppCoordinator.swift */ = {isa = PBXFileReference; lastKnownFileType = sourcecode.swift; path = AppCoordinator.swift; sourceTree = "<group>"; };
		64BC203529034D4C0032BEBE /* TodoItem.swift */ = {isa = PBXFileReference; lastKnownFileType = sourcecode.swift; path = TodoItem.swift; sourceTree = "<group>"; };
		64CCDDC029A66F0100A13F90 /* UITableView.swift */ = {isa = PBXFileReference; lastKnownFileType = sourcecode.swift; path = UITableView.swift; sourceTree = "<group>"; };
		64CCDDC229A672F500A13F90 /* UINavigationController.swift */ = {isa = PBXFileReference; lastKnownFileType = sourcecode.swift; path = UINavigationController.swift; sourceTree = "<group>"; };
		64D5125C291B056000D9E634 /* TodoItemCell.swift */ = {isa = PBXFileReference; lastKnownFileType = sourcecode.swift; path = TodoItemCell.swift; sourceTree = "<group>"; };
		64ED3A3E291485C8002B9CF1 /* AddItemViewController.swift */ = {isa = PBXFileReference; lastKnownFileType = sourcecode.swift; path = AddItemViewController.swift; sourceTree = "<group>"; };
		64ED3A40291485D7002B9CF1 /* AddItemCoordinator.swift */ = {isa = PBXFileReference; lastKnownFileType = sourcecode.swift; path = AddItemCoordinator.swift; sourceTree = "<group>"; };
		64ED3A42291485E3002B9CF1 /* AddItemViewModel.swift */ = {isa = PBXFileReference; lastKnownFileType = sourcecode.swift; path = AddItemViewModel.swift; sourceTree = "<group>"; };
/* End PBXFileReference section */

/* Begin PBXFrameworksBuildPhase section */
		6422E8622901F5B500990A4B /* Frameworks */ = {
			isa = PBXFrameworksBuildPhase;
			buildActionMask = 2147483647;
			files = (
			);
			runOnlyForDeploymentPostprocessing = 0;
		};
		6422E8782901F5B700990A4B /* Frameworks */ = {
			isa = PBXFrameworksBuildPhase;
			buildActionMask = 2147483647;
			files = (
			);
			runOnlyForDeploymentPostprocessing = 0;
		};
		6422E8822901F5B700990A4B /* Frameworks */ = {
			isa = PBXFrameworksBuildPhase;
			buildActionMask = 2147483647;
			files = (
			);
			runOnlyForDeploymentPostprocessing = 0;
		};
		643F4E7529D4E26D00C5D114 /* Frameworks */ = {
			isa = PBXFrameworksBuildPhase;
			buildActionMask = 2147483647;
			files = (
				643F4E7B29D4E26D00C5D114 /* Intents.framework in Frameworks */,
			);
			runOnlyForDeploymentPostprocessing = 0;
		};
		643F4E8129D4E26D00C5D114 /* Frameworks */ = {
			isa = PBXFrameworksBuildPhase;
			buildActionMask = 2147483647;
			files = (
				643F4E8629D4E26D00C5D114 /* IntentsUI.framework in Frameworks */,
			);
			runOnlyForDeploymentPostprocessing = 0;
		};
/* End PBXFrameworksBuildPhase section */

/* Begin PBXGroup section */
		6422E85C2901F5B500990A4B = {
			isa = PBXGroup;
			children = (
				6422E8672901F5B500990A4B /* TodoList */,
				6422E87E2901F5B700990A4B /* TodoListTests */,
				6422E8882901F5B700990A4B /* TodoListUITests */,
				643F4E7C29D4E26D00C5D114 /* TodoListIntents */,
				643F4E8729D4E26D00C5D114 /* TodoListIntentsUI */,
				643F4E7929D4E26D00C5D114 /* Frameworks */,
				6422E8662901F5B500990A4B /* Products */,
			);
			sourceTree = "<group>";
		};
		6422E8662901F5B500990A4B /* Products */ = {
			isa = PBXGroup;
			children = (
				6422E8652901F5B500990A4B /* TodoList.app */,
				6422E87B2901F5B700990A4B /* TodoListTests.xctest */,
				6422E8852901F5B700990A4B /* TodoListUITests.xctest */,
				643F4E7829D4E26D00C5D114 /* TodoListIntents.appex */,
				643F4E8429D4E26D00C5D114 /* TodoListIntentsUI.appex */,
			);
			name = Products;
			sourceTree = "<group>";
		};
		6422E8672901F5B500990A4B /* TodoList */ = {
			isa = PBXGroup;
			children = (
				643F4E7329D4E13800C5D114 /* TodoList.entitlements */,
				64BC203C29035CC30032BEBE /* Sources */,
				6422E89E29020A3100990A4B /* Resources */,
				6422E89D29020A1600990A4B /* Base */,
			);
			path = TodoList;
			sourceTree = "<group>";
		};
		6422E87E2901F5B700990A4B /* TodoListTests */ = {
			isa = PBXGroup;
			children = (
				64A4659429A4458B00A504C4 /* Coordinators */,
				642A57EB2977922300A479D5 /* Views */,
				642A57E6297789FB00A479D5 /* ViewModel */,
				642A57DB29774EF000A479D5 /* ProtocolsMocks */,
			);
			path = TodoListTests;
			sourceTree = "<group>";
		};
		6422E8882901F5B700990A4B /* TodoListUITests */ = {
			isa = PBXGroup;
			children = (
				6422E8892901F5B700990A4B /* AddItemViewUITest.swift */,
				64A4659229A43D5300A504C4 /* MainViewUITest.swift */,
				642EFE2A29BFE96200F277AC /* DetailViewUITests.swift */,
			);
			path = TodoListUITests;
			sourceTree = "<group>";
		};
		6422E8982902002700990A4B /* MainView */ = {
			isa = PBXGroup;
			children = (
				6479D6B52916F102000A831A /* Cells */,
				6422E86C2901F5B500990A4B /* MainViewController.swift */,
				6422E89B290200F100990A4B /* MainCoordinator.swift */,
				6435876F2909E4D000D59F7C /* MainViewModel.swift */,
			);
			path = MainView;
			sourceTree = "<group>";
		};
		6422E89D29020A1600990A4B /* Base */ = {
			isa = PBXGroup;
			children = (
				3461A48B2A2FA72C00B00520 /* TodoList.xcdatamodeld */,
				64BC2032290302C00032BEBE /* AppCoordinator.swift */,
				6422E8682901F5B500990A4B /* AppDelegate.swift */,
				6422E8732901F5B700990A4B /* LaunchScreen.storyboard */,
				6422E8762901F5B700990A4B /* Info.plist */,
			);
			path = Base;
			sourceTree = "<group>";
		};
		6422E89E29020A3100990A4B /* Resources */ = {
			isa = PBXGroup;
			children = (
				6422E8712901F5B700990A4B /* Assets.xcassets */,
			);
			path = Resources;
			sourceTree = "<group>";
		};
		642A57DB29774EF000A479D5 /* ProtocolsMocks */ = {
			isa = PBXGroup;
			children = (
				642A57DC29775A1000A479D5 /* MainViewTest+Protocols.swift */,
				642A57E0297772F700A479D5 /* AddItemViewTest+Protocols.swift */,
				642A57E22977868A00A479D5 /* DetailViewTest+Protocols.swift */,
			);
			path = ProtocolsMocks;
			sourceTree = "<group>";
		};
		642A57E6297789FB00A479D5 /* ViewModel */ = {
			isa = PBXGroup;
			children = (
				6422E87F2901F5B700990A4B /* MainViewModelTests.swift */,
				642A57DE29775FDE00A479D5 /* AddItemViewModelTests.swift */,
				642A57E42977874200A479D5 /* DetailViewModelTests.swift */,
			);
			path = ViewModel;
			sourceTree = "<group>";
		};
		642A57EB2977922300A479D5 /* Views */ = {
			isa = PBXGroup;
			children = (
				642A57E929778DBE00A479D5 /* TodoItemCellTests.swift */,
				642A57EC2977947900A479D5 /* MainViewControllerTests.swift */,
				64A4658E29A42B5800A504C4 /* AddItemViewControllerTests.swift */,
				64A4659029A4340800A504C4 /* DetailViewControllerTests.swift */,
			);
			path = Views;
			sourceTree = "<group>";
		};
		643F4E7929D4E26D00C5D114 /* Frameworks */ = {
			isa = PBXGroup;
			children = (
				643F4E7A29D4E26D00C5D114 /* Intents.framework */,
				643F4E8529D4E26D00C5D114 /* IntentsUI.framework */,
			);
			name = Frameworks;
			sourceTree = "<group>";
		};
		643F4E7C29D4E26D00C5D114 /* TodoListIntents */ = {
			isa = PBXGroup;
			children = (
				344890122A2FA44300DD0216 /* TodoListIntents.entitlements */,
				643F4E9F29D4E7A800C5D114 /* TodoListIntentHandler.swift */,
				643F4E7F29D4E26D00C5D114 /* Info.plist */,
				34E4C3192A01B8460030D038 /* IntentHandler.swift */,
			);
			path = TodoListIntents;
			sourceTree = "<group>";
		};
		643F4E8729D4E26D00C5D114 /* TodoListIntentsUI */ = {
			isa = PBXGroup;
			children = (
				643F4E8829D4E26D00C5D114 /* IntentViewController.swift */,
				643F4E8A29D4E26D00C5D114 /* MainInterface.storyboard */,
				643F4E8D29D4E26D00C5D114 /* Info.plist */,
			);
			path = TodoListIntentsUI;
			sourceTree = "<group>";
		};
		643F4E9B29D4E2AD00C5D114 /* Definitions */ = {
			isa = PBXGroup;
			children = (
				643F4E9C29D4E2EC00C5D114 /* IntentsDefinition.intentdefinition */,
			);
			path = Definitions;
			sourceTree = "<group>";
		};
		643F51C6293ED9F0003B1AFC /* DetailView */ = {
			isa = PBXGroup;
			children = (
				643F51C7293EDA04003B1AFC /* DetailCoordinator.swift */,
				643F51C9293EDA13003B1AFC /* DetailViewModel.swift */,
				643F51CB293EDA20003B1AFC /* DetailViewController.swift */,
			);
			path = DetailView;
			sourceTree = "<group>";
		};
		646CC8402A9DA5A10063A39A /* DataManager */ = {
			isa = PBXGroup;
			children = (
				646CC8412A9DA5A10063A39A /* DataManager.swift */,
				646CC8422A9DA5A10063A39A /* Models */,
			);
			path = DataManager;
			sourceTree = "<group>";
		};
		646CC8422A9DA5A10063A39A /* Models */ = {
			isa = PBXGroup;
			children = (
				646CC8432A9DA5A10063A39A /* Item.swift */,
				646CC8442A9DA5A10063A39A /* DataItem.swift */,
			);
			path = Models;
			sourceTree = "<group>";
		};
		6479D6B52916F102000A831A /* Cells */ = {
			isa = PBXGroup;
			children = (
				64D5125C291B056000D9E634 /* TodoItemCell.swift */,
			);
			path = Cells;
			sourceTree = "<group>";
		};
		64A4659429A4458B00A504C4 /* Coordinators */ = {
			isa = PBXGroup;
			children = (
				64A4659729A445EC00A504C4 /* MainViewCoordinatorTests.swift */,
				64A4659929A466D300A504C4 /* AddItemCoordinatorTests.swift */,
				64A4659B29A468DE00A504C4 /* DetailViewCoordinatorTests.swift */,
			);
			path = Coordinators;
			sourceTree = "<group>";
		};
		64B010192966277400D18A99 /* Mocks */ = {
			isa = PBXGroup;
			children = (
				64B0101A2966278600D18A99 /* CoreDataManagerMock.swift */,
			);
			path = Mocks;
			sourceTree = "<group>";
		};
		64BC203429034D3B0032BEBE /* Model */ = {
			isa = PBXGroup;
			children = (
				64B010192966277400D18A99 /* Mocks */,
				643587712909E54A00D59F7C /* Box.swift */,
				64BC203529034D4C0032BEBE /* TodoItem.swift */,
				64B649EE295A3D72005A92B4 /* CustomError.swift */,
			);
			path = Model;
			sourceTree = "<group>";
		};
		64BC203C29035CC30032BEBE /* Sources */ = {
			isa = PBXGroup;
			children = (
				646CC8402A9DA5A10063A39A /* DataManager */,
				643F4E9B29D4E2AD00C5D114 /* Definitions */,
				64CCDDBF29A66EE700A13F90 /* Extensions */,
				643F51C6293ED9F0003B1AFC /* DetailView */,
				64ED3A3D29148597002B9CF1 /* AddItemView */,
				6422E8982902002700990A4B /* MainView */,
				64BC203429034D3B0032BEBE /* Model */,
			);
			path = Sources;
			sourceTree = "<group>";
		};
		64CCDDBF29A66EE700A13F90 /* Extensions */ = {
			isa = PBXGroup;
			children = (
				64CCDDC029A66F0100A13F90 /* UITableView.swift */,
				64CCDDC229A672F500A13F90 /* UINavigationController.swift */,
			);
			path = Extensions;
			sourceTree = "<group>";
		};
		64ED3A3D29148597002B9CF1 /* AddItemView */ = {
			isa = PBXGroup;
			children = (
				64ED3A40291485D7002B9CF1 /* AddItemCoordinator.swift */,
				64ED3A42291485E3002B9CF1 /* AddItemViewModel.swift */,
				64ED3A3E291485C8002B9CF1 /* AddItemViewController.swift */,
			);
			path = AddItemView;
			sourceTree = "<group>";
		};
/* End PBXGroup section */

/* Begin PBXNativeTarget section */
		6422E8642901F5B500990A4B /* TodoList */ = {
			isa = PBXNativeTarget;
			buildConfigurationList = 6422E88F2901F5B700990A4B /* Build configuration list for PBXNativeTarget "TodoList" */;
			buildPhases = (
				6422E8612901F5B500990A4B /* Sources */,
				6422E8622901F5B500990A4B /* Frameworks */,
				6422E8632901F5B500990A4B /* Resources */,
				643F4E9A29D4E26E00C5D114 /* Embed Foundation Extensions */,
				64F239432A5116A7008FB630 /* ShellScript */,
			);
			buildRules = (
			);
			dependencies = (
				643F4E8F29D4E26D00C5D114 /* PBXTargetDependency */,
				643F4E9229D4E26E00C5D114 /* PBXTargetDependency */,
			);
			name = TodoList;
			packageProductDependencies = (
			);
			productName = TodoList;
			productReference = 6422E8652901F5B500990A4B /* TodoList.app */;
			productType = "com.apple.product-type.application";
		};
		6422E87A2901F5B700990A4B /* TodoListTests */ = {
			isa = PBXNativeTarget;
			buildConfigurationList = 6422E8922901F5B700990A4B /* Build configuration list for PBXNativeTarget "TodoListTests" */;
			buildPhases = (
				6422E8772901F5B700990A4B /* Sources */,
				6422E8782901F5B700990A4B /* Frameworks */,
				6422E8792901F5B700990A4B /* Resources */,
			);
			buildRules = (
			);
			dependencies = (
				6422E87D2901F5B700990A4B /* PBXTargetDependency */,
			);
			name = TodoListTests;
			productName = TodoListTests;
			productReference = 6422E87B2901F5B700990A4B /* TodoListTests.xctest */;
			productType = "com.apple.product-type.bundle.unit-test";
		};
		6422E8842901F5B700990A4B /* TodoListUITests */ = {
			isa = PBXNativeTarget;
			buildConfigurationList = 6422E8952901F5B700990A4B /* Build configuration list for PBXNativeTarget "TodoListUITests" */;
			buildPhases = (
				6422E8812901F5B700990A4B /* Sources */,
				6422E8822901F5B700990A4B /* Frameworks */,
				6422E8832901F5B700990A4B /* Resources */,
			);
			buildRules = (
			);
			dependencies = (
				6422E8872901F5B700990A4B /* PBXTargetDependency */,
			);
			name = TodoListUITests;
			productName = TodoListUITests;
			productReference = 6422E8852901F5B700990A4B /* TodoListUITests.xctest */;
			productType = "com.apple.product-type.bundle.ui-testing";
		};
		643F4E7729D4E26D00C5D114 /* TodoListIntents */ = {
			isa = PBXNativeTarget;
			buildConfigurationList = 643F4E9729D4E26E00C5D114 /* Build configuration list for PBXNativeTarget "TodoListIntents" */;
			buildPhases = (
				643F4E7429D4E26D00C5D114 /* Sources */,
				643F4E7529D4E26D00C5D114 /* Frameworks */,
				643F4E7629D4E26D00C5D114 /* Resources */,
			);
			buildRules = (
			);
			dependencies = (
			);
			name = TodoListIntents;
			packageProductDependencies = (
			);
			productName = TodoListIntents;
			productReference = 643F4E7829D4E26D00C5D114 /* TodoListIntents.appex */;
			productType = "com.apple.product-type.app-extension";
		};
		643F4E8329D4E26D00C5D114 /* TodoListIntentsUI */ = {
			isa = PBXNativeTarget;
			buildConfigurationList = 643F4E9429D4E26E00C5D114 /* Build configuration list for PBXNativeTarget "TodoListIntentsUI" */;
			buildPhases = (
				643F4E8029D4E26D00C5D114 /* Sources */,
				643F4E8129D4E26D00C5D114 /* Frameworks */,
				643F4E8229D4E26D00C5D114 /* Resources */,
			);
			buildRules = (
			);
			dependencies = (
			);
			name = TodoListIntentsUI;
			productName = TodoListIntentsUI;
			productReference = 643F4E8429D4E26D00C5D114 /* TodoListIntentsUI.appex */;
			productType = "com.apple.product-type.app-extension";
		};
/* End PBXNativeTarget section */

/* Begin PBXProject section */
		6422E85D2901F5B500990A4B /* Project object */ = {
			isa = PBXProject;
			attributes = {
				BuildIndependentTargetsInParallel = 1;
				LastSwiftUpdateCheck = 1410;
				LastUpgradeCheck = 1340;
				TargetAttributes = {
					6422E8642901F5B500990A4B = {
						CreatedOnToolsVersion = 13.4.1;
					};
					6422E87A2901F5B700990A4B = {
						CreatedOnToolsVersion = 13.4.1;
						TestTargetID = 6422E8642901F5B500990A4B;
					};
					6422E8842901F5B700990A4B = {
						CreatedOnToolsVersion = 13.4.1;
						TestTargetID = 6422E8642901F5B500990A4B;
					};
					643F4E7729D4E26D00C5D114 = {
						CreatedOnToolsVersion = 14.1;
					};
					643F4E8329D4E26D00C5D114 = {
						CreatedOnToolsVersion = 14.1;
					};
				};
			};
			buildConfigurationList = 6422E8602901F5B500990A4B /* Build configuration list for PBXProject "TodoList" */;
			compatibilityVersion = "Xcode 13.0";
			developmentRegion = en;
			hasScannedForEncodings = 0;
			knownRegions = (
				en,
				Base,
			);
			mainGroup = 6422E85C2901F5B500990A4B;
			productRefGroup = 6422E8662901F5B500990A4B /* Products */;
			projectDirPath = "";
			projectRoot = "";
			targets = (
				6422E8642901F5B500990A4B /* TodoList */,
				6422E87A2901F5B700990A4B /* TodoListTests */,
				6422E8842901F5B700990A4B /* TodoListUITests */,
				643F4E7729D4E26D00C5D114 /* TodoListIntents */,
				643F4E8329D4E26D00C5D114 /* TodoListIntentsUI */,
			);
		};
/* End PBXProject section */

/* Begin PBXResourcesBuildPhase section */
		6422E8632901F5B500990A4B /* Resources */ = {
			isa = PBXResourcesBuildPhase;
			buildActionMask = 2147483647;
			files = (
				6422E8752901F5B700990A4B /* LaunchScreen.storyboard in Resources */,
				6422E8722901F5B700990A4B /* Assets.xcassets in Resources */,
			);
			runOnlyForDeploymentPostprocessing = 0;
		};
		6422E8792901F5B700990A4B /* Resources */ = {
			isa = PBXResourcesBuildPhase;
			buildActionMask = 2147483647;
			files = (
			);
			runOnlyForDeploymentPostprocessing = 0;
		};
		6422E8832901F5B700990A4B /* Resources */ = {
			isa = PBXResourcesBuildPhase;
			buildActionMask = 2147483647;
			files = (
			);
			runOnlyForDeploymentPostprocessing = 0;
		};
		643F4E7629D4E26D00C5D114 /* Resources */ = {
			isa = PBXResourcesBuildPhase;
			buildActionMask = 2147483647;
			files = (
			);
			runOnlyForDeploymentPostprocessing = 0;
		};
		643F4E8229D4E26D00C5D114 /* Resources */ = {
			isa = PBXResourcesBuildPhase;
			buildActionMask = 2147483647;
			files = (
				643F4E8C29D4E26D00C5D114 /* MainInterface.storyboard in Resources */,
			);
			runOnlyForDeploymentPostprocessing = 0;
		};
/* End PBXResourcesBuildPhase section */

/* Begin PBXShellScriptBuildPhase section */
		64F239432A5116A7008FB630 /* ShellScript */ = {
			isa = PBXShellScriptBuildPhase;
			alwaysOutOfDate = 1;
			buildActionMask = 2147483647;
			files = (
			);
			inputFileListPaths = (
			);
			inputPaths = (
			);
			outputFileListPaths = (
			);
			outputPaths = (
			);
			runOnlyForDeploymentPostprocessing = 0;
			shellPath = /bin/sh;
			shellScript = "if [[ \"$(uname -m)\" == arm64 ]]; then\n    export PATH=\"/opt/homebrew/bin:$PATH\"\nfi\n\nif which swiftlint > /dev/null; then\n  swiftlint\nelse\n  echo \"warning: SwiftLint not installed, download from https://github.com/realm/SwiftLint\"\nfi\n";
		};
/* End PBXShellScriptBuildPhase section */

/* Begin PBXSourcesBuildPhase section */
		6422E8612901F5B500990A4B /* Sources */ = {
			isa = PBXSourcesBuildPhase;
			buildActionMask = 2147483647;
			files = (
				643587722909E54A00D59F7C /* Box.swift in Sources */,
				64CCDDC329A672F500A13F90 /* UINavigationController.swift in Sources */,
				64ED3A43291485E3002B9CF1 /* AddItemViewModel.swift in Sources */,
				64B649EF295A3D72005A92B4 /* CustomError.swift in Sources */,
				64D5125D291B056000D9E634 /* TodoItemCell.swift in Sources */,
				64BC203629034D4C0032BEBE /* TodoItem.swift in Sources */,
				646CC8462A9DA5A10063A39A /* Item.swift in Sources */,
				6422E86D2901F5B500990A4B /* MainViewController.swift in Sources */,
				64BC2033290302C00032BEBE /* AppCoordinator.swift in Sources */,
				6422E8692901F5B500990A4B /* AppDelegate.swift in Sources */,
				643F51CC293EDA20003B1AFC /* DetailViewController.swift in Sources */,
				646CC8452A9DA5A10063A39A /* DataManager.swift in Sources */,
				643F51C8293EDA04003B1AFC /* DetailCoordinator.swift in Sources */,
				64CCDDC129A66F0100A13F90 /* UITableView.swift in Sources */,
				646CC8472A9DA5A10063A39A /* DataItem.swift in Sources */,
				64B0101B2966278600D18A99 /* CoreDataManagerMock.swift in Sources */,
				64ED3A3F291485C8002B9CF1 /* AddItemViewController.swift in Sources */,
				6422E89C290200F100990A4B /* MainCoordinator.swift in Sources */,
				34E4C3172A01B1580030D038 /* IntentsDefinition.intentdefinition in Sources */,
				3461A48D2A2FA72C00B00520 /* TodoList.xcdatamodeld in Sources */,
				64ED3A41291485D7002B9CF1 /* AddItemCoordinator.swift in Sources */,
				643F51CA293EDA13003B1AFC /* DetailViewModel.swift in Sources */,
				643587702909E4D000D59F7C /* MainViewModel.swift in Sources */,
			);
			runOnlyForDeploymentPostprocessing = 0;
		};
		6422E8772901F5B700990A4B /* Sources */ = {
			isa = PBXSourcesBuildPhase;
			buildActionMask = 2147483647;
			files = (
				642A57EA29778DBE00A479D5 /* TodoItemCellTests.swift in Sources */,
				64A4659129A4340800A504C4 /* DetailViewControllerTests.swift in Sources */,
				642A57DF29775FDE00A479D5 /* AddItemViewModelTests.swift in Sources */,
				642A57E32977868A00A479D5 /* DetailViewTest+Protocols.swift in Sources */,
				6422E8802901F5B700990A4B /* MainViewModelTests.swift in Sources */,
				64A4658F29A42B5800A504C4 /* AddItemViewControllerTests.swift in Sources */,
				642A57DD29775A1000A479D5 /* MainViewTest+Protocols.swift in Sources */,
				64A4659A29A466D300A504C4 /* AddItemCoordinatorTests.swift in Sources */,
				64A4659829A445EC00A504C4 /* MainViewCoordinatorTests.swift in Sources */,
				642A57E1297772F700A479D5 /* AddItemViewTest+Protocols.swift in Sources */,
				642A57E52977874200A479D5 /* DetailViewModelTests.swift in Sources */,
				642A57ED2977947900A479D5 /* MainViewControllerTests.swift in Sources */,
				64A4659C29A468DE00A504C4 /* DetailViewCoordinatorTests.swift in Sources */,
			);
			runOnlyForDeploymentPostprocessing = 0;
		};
		6422E8812901F5B700990A4B /* Sources */ = {
			isa = PBXSourcesBuildPhase;
			buildActionMask = 2147483647;
			files = (
				6422E88A2901F5B700990A4B /* AddItemViewUITest.swift in Sources */,
				642EFE2B29BFE96200F277AC /* DetailViewUITests.swift in Sources */,
				64A4659329A43D5300A504C4 /* MainViewUITest.swift in Sources */,
			);
			runOnlyForDeploymentPostprocessing = 0;
		};
		643F4E7429D4E26D00C5D114 /* Sources */ = {
			isa = PBXSourcesBuildPhase;
			buildActionMask = 2147483647;
			files = (
				3461A48E2A2FA72C00B00520 /* TodoList.xcdatamodeld in Sources */,
				646CC84C2A9DA6040063A39A /* DataItem.swift in Sources */,
				646CC8482A9DA5D90063A39A /* DataManager.swift in Sources */,
				34E4C3182A01B1590030D038 /* IntentsDefinition.intentdefinition in Sources */,
				34E4C31A2A01B8460030D038 /* IntentHandler.swift in Sources */,
				646CC84A2A9DA6010063A39A /* Item.swift in Sources */,
				648DB02D29FA17EA00079C65 /* TodoListIntentHandler.swift in Sources */,
			);
			runOnlyForDeploymentPostprocessing = 0;
		};
		643F4E8029D4E26D00C5D114 /* Sources */ = {
			isa = PBXSourcesBuildPhase;
			buildActionMask = 2147483647;
			files = (
				646CC84E2A9DA62F0063A39A /* TodoList.xcdatamodeld in Sources */,
				643F4E8929D4E26D00C5D114 /* IntentViewController.swift in Sources */,
				646CC84B2A9DA6010063A39A /* Item.swift in Sources */,
				646CC84D2A9DA6040063A39A /* DataItem.swift in Sources */,
				646CC8492A9DA5DA0063A39A /* DataManager.swift in Sources */,
			);
			runOnlyForDeploymentPostprocessing = 0;
		};
/* End PBXSourcesBuildPhase section */

/* Begin PBXTargetDependency section */
		6422E87D2901F5B700990A4B /* PBXTargetDependency */ = {
			isa = PBXTargetDependency;
			target = 6422E8642901F5B500990A4B /* TodoList */;
			targetProxy = 6422E87C2901F5B700990A4B /* PBXContainerItemProxy */;
		};
		6422E8872901F5B700990A4B /* PBXTargetDependency */ = {
			isa = PBXTargetDependency;
			target = 6422E8642901F5B500990A4B /* TodoList */;
			targetProxy = 6422E8862901F5B700990A4B /* PBXContainerItemProxy */;
		};
		643F4E8F29D4E26D00C5D114 /* PBXTargetDependency */ = {
			isa = PBXTargetDependency;
			target = 643F4E8329D4E26D00C5D114 /* TodoListIntentsUI */;
			targetProxy = 643F4E8E29D4E26D00C5D114 /* PBXContainerItemProxy */;
		};
		643F4E9229D4E26E00C5D114 /* PBXTargetDependency */ = {
			isa = PBXTargetDependency;
			target = 643F4E7729D4E26D00C5D114 /* TodoListIntents */;
			targetProxy = 643F4E9129D4E26E00C5D114 /* PBXContainerItemProxy */;
		};
/* End PBXTargetDependency section */

/* Begin PBXVariantGroup section */
		6422E8732901F5B700990A4B /* LaunchScreen.storyboard */ = {
			isa = PBXVariantGroup;
			children = (
				6422E8742901F5B700990A4B /* Base */,
			);
			name = LaunchScreen.storyboard;
			sourceTree = "<group>";
		};
		643F4E8A29D4E26D00C5D114 /* MainInterface.storyboard */ = {
			isa = PBXVariantGroup;
			children = (
				643F4E8B29D4E26D00C5D114 /* Base */,
			);
			name = MainInterface.storyboard;
			sourceTree = "<group>";
		};
/* End PBXVariantGroup section */

/* Begin XCBuildConfiguration section */
		6422E88D2901F5B700990A4B /* Debug */ = {
			isa = XCBuildConfiguration;
			buildSettings = {
				ALWAYS_SEARCH_USER_PATHS = NO;
				CLANG_ANALYZER_NONNULL = YES;
				CLANG_ANALYZER_NUMBER_OBJECT_CONVERSION = YES_AGGRESSIVE;
				CLANG_CXX_LANGUAGE_STANDARD = "gnu++17";
				CLANG_ENABLE_MODULES = YES;
				CLANG_ENABLE_OBJC_ARC = YES;
				CLANG_ENABLE_OBJC_WEAK = YES;
				CLANG_WARN_BLOCK_CAPTURE_AUTORELEASING = YES;
				CLANG_WARN_BOOL_CONVERSION = YES;
				CLANG_WARN_COMMA = YES;
				CLANG_WARN_CONSTANT_CONVERSION = YES;
				CLANG_WARN_DEPRECATED_OBJC_IMPLEMENTATIONS = YES;
				CLANG_WARN_DIRECT_OBJC_ISA_USAGE = YES_ERROR;
				CLANG_WARN_DOCUMENTATION_COMMENTS = YES;
				CLANG_WARN_EMPTY_BODY = YES;
				CLANG_WARN_ENUM_CONVERSION = YES;
				CLANG_WARN_INFINITE_RECURSION = YES;
				CLANG_WARN_INT_CONVERSION = YES;
				CLANG_WARN_NON_LITERAL_NULL_CONVERSION = YES;
				CLANG_WARN_OBJC_IMPLICIT_RETAIN_SELF = YES;
				CLANG_WARN_OBJC_LITERAL_CONVERSION = YES;
				CLANG_WARN_OBJC_ROOT_CLASS = YES_ERROR;
				CLANG_WARN_QUOTED_INCLUDE_IN_FRAMEWORK_HEADER = YES;
				CLANG_WARN_RANGE_LOOP_ANALYSIS = YES;
				CLANG_WARN_STRICT_PROTOTYPES = YES;
				CLANG_WARN_SUSPICIOUS_MOVE = YES;
				CLANG_WARN_UNGUARDED_AVAILABILITY = YES_AGGRESSIVE;
				CLANG_WARN_UNREACHABLE_CODE = YES;
				CLANG_WARN__DUPLICATE_METHOD_MATCH = YES;
				COPY_PHASE_STRIP = NO;
				DEBUG_INFORMATION_FORMAT = dwarf;
				ENABLE_STRICT_OBJC_MSGSEND = YES;
				ENABLE_TESTABILITY = YES;
				GCC_C_LANGUAGE_STANDARD = gnu11;
				GCC_DYNAMIC_NO_PIC = NO;
				GCC_NO_COMMON_BLOCKS = YES;
				GCC_OPTIMIZATION_LEVEL = 0;
				GCC_PREPROCESSOR_DEFINITIONS = (
					"DEBUG=1",
					"$(inherited)",
				);
				GCC_WARN_64_TO_32_BIT_CONVERSION = YES;
				GCC_WARN_ABOUT_RETURN_TYPE = YES_ERROR;
				GCC_WARN_UNDECLARED_SELECTOR = YES;
				GCC_WARN_UNINITIALIZED_AUTOS = YES_AGGRESSIVE;
				GCC_WARN_UNUSED_FUNCTION = YES;
				GCC_WARN_UNUSED_VARIABLE = YES;
				IPHONEOS_DEPLOYMENT_TARGET = 15.5;
				MTL_ENABLE_DEBUG_INFO = INCLUDE_SOURCE;
				MTL_FAST_MATH = YES;
				ONLY_ACTIVE_ARCH = YES;
				SDKROOT = iphoneos;
				SWIFT_ACTIVE_COMPILATION_CONDITIONS = DEBUG;
				SWIFT_OPTIMIZATION_LEVEL = "-Onone";
			};
			name = Debug;
		};
		6422E88E2901F5B700990A4B /* Release */ = {
			isa = XCBuildConfiguration;
			buildSettings = {
				ALWAYS_SEARCH_USER_PATHS = NO;
				CLANG_ANALYZER_NONNULL = YES;
				CLANG_ANALYZER_NUMBER_OBJECT_CONVERSION = YES_AGGRESSIVE;
				CLANG_CXX_LANGUAGE_STANDARD = "gnu++17";
				CLANG_ENABLE_MODULES = YES;
				CLANG_ENABLE_OBJC_ARC = YES;
				CLANG_ENABLE_OBJC_WEAK = YES;
				CLANG_WARN_BLOCK_CAPTURE_AUTORELEASING = YES;
				CLANG_WARN_BOOL_CONVERSION = YES;
				CLANG_WARN_COMMA = YES;
				CLANG_WARN_CONSTANT_CONVERSION = YES;
				CLANG_WARN_DEPRECATED_OBJC_IMPLEMENTATIONS = YES;
				CLANG_WARN_DIRECT_OBJC_ISA_USAGE = YES_ERROR;
				CLANG_WARN_DOCUMENTATION_COMMENTS = YES;
				CLANG_WARN_EMPTY_BODY = YES;
				CLANG_WARN_ENUM_CONVERSION = YES;
				CLANG_WARN_INFINITE_RECURSION = YES;
				CLANG_WARN_INT_CONVERSION = YES;
				CLANG_WARN_NON_LITERAL_NULL_CONVERSION = YES;
				CLANG_WARN_OBJC_IMPLICIT_RETAIN_SELF = YES;
				CLANG_WARN_OBJC_LITERAL_CONVERSION = YES;
				CLANG_WARN_OBJC_ROOT_CLASS = YES_ERROR;
				CLANG_WARN_QUOTED_INCLUDE_IN_FRAMEWORK_HEADER = YES;
				CLANG_WARN_RANGE_LOOP_ANALYSIS = YES;
				CLANG_WARN_STRICT_PROTOTYPES = YES;
				CLANG_WARN_SUSPICIOUS_MOVE = YES;
				CLANG_WARN_UNGUARDED_AVAILABILITY = YES_AGGRESSIVE;
				CLANG_WARN_UNREACHABLE_CODE = YES;
				CLANG_WARN__DUPLICATE_METHOD_MATCH = YES;
				COPY_PHASE_STRIP = NO;
				DEBUG_INFORMATION_FORMAT = "dwarf-with-dsym";
				ENABLE_NS_ASSERTIONS = NO;
				ENABLE_STRICT_OBJC_MSGSEND = YES;
				GCC_C_LANGUAGE_STANDARD = gnu11;
				GCC_NO_COMMON_BLOCKS = YES;
				GCC_WARN_64_TO_32_BIT_CONVERSION = YES;
				GCC_WARN_ABOUT_RETURN_TYPE = YES_ERROR;
				GCC_WARN_UNDECLARED_SELECTOR = YES;
				GCC_WARN_UNINITIALIZED_AUTOS = YES_AGGRESSIVE;
				GCC_WARN_UNUSED_FUNCTION = YES;
				GCC_WARN_UNUSED_VARIABLE = YES;
				IPHONEOS_DEPLOYMENT_TARGET = 15.5;
				MTL_ENABLE_DEBUG_INFO = NO;
				MTL_FAST_MATH = YES;
				SDKROOT = iphoneos;
				SWIFT_COMPILATION_MODE = wholemodule;
				SWIFT_OPTIMIZATION_LEVEL = "-O";
				VALIDATE_PRODUCT = YES;
			};
			name = Release;
		};
		6422E8902901F5B700990A4B /* Debug */ = {
			isa = XCBuildConfiguration;
			buildSettings = {
				ALWAYS_EMBED_SWIFT_STANDARD_LIBRARIES = YES;
				ASSETCATALOG_COMPILER_APPICON_NAME = AppIcon;
				ASSETCATALOG_COMPILER_GLOBAL_ACCENT_COLOR_NAME = AccentColor;
				CODE_SIGN_ENTITLEMENTS = TodoList/TodoList.entitlements;
				CODE_SIGN_STYLE = Automatic;
				CURRENT_PROJECT_VERSION = 1;
				DEVELOPMENT_TEAM = FEX443V8U8;
				GENERATE_INFOPLIST_FILE = YES;
				INFOPLIST_FILE = TodoList/Base/Info.plist;
				INFOPLIST_KEY_UIApplicationSupportsIndirectInputEvents = YES;
				INFOPLIST_KEY_UILaunchStoryboardName = LaunchScreen;
				INFOPLIST_KEY_UIMainStoryboardFile = LaunchScreen;
				INFOPLIST_KEY_UISupportedInterfaceOrientations = "UIInterfaceOrientationLandscapeLeft UIInterfaceOrientationLandscapeRight UIInterfaceOrientationPortrait";
				IPHONEOS_DEPLOYMENT_TARGET = 15.0;
				LD_RUNPATH_SEARCH_PATHS = (
					"$(inherited)",
					"@executable_path/Frameworks",
				);
				MARKETING_VERSION = 1.0;
				PRODUCT_BUNDLE_IDENTIFIER = zemoga.TodoList;
				PRODUCT_NAME = "$(TARGET_NAME)";
				SUPPORTED_PLATFORMS = "iphoneos iphonesimulator";
				SUPPORTS_MACCATALYST = NO;
				SUPPORTS_MAC_DESIGNED_FOR_IPHONE_IPAD = NO;
				SWIFT_EMIT_LOC_STRINGS = YES;
				SWIFT_VERSION = 5.0;
				TARGETED_DEVICE_FAMILY = 1;
			};
			name = Debug;
		};
		6422E8912901F5B700990A4B /* Release */ = {
			isa = XCBuildConfiguration;
			buildSettings = {
				ALWAYS_EMBED_SWIFT_STANDARD_LIBRARIES = YES;
				ASSETCATALOG_COMPILER_APPICON_NAME = AppIcon;
				ASSETCATALOG_COMPILER_GLOBAL_ACCENT_COLOR_NAME = AccentColor;
				CODE_SIGN_ENTITLEMENTS = TodoList/TodoList.entitlements;
				CODE_SIGN_STYLE = Automatic;
				CURRENT_PROJECT_VERSION = 1;
				DEVELOPMENT_TEAM = FEX443V8U8;
				GENERATE_INFOPLIST_FILE = YES;
				INFOPLIST_FILE = TodoList/Base/Info.plist;
				INFOPLIST_KEY_UIApplicationSupportsIndirectInputEvents = YES;
				INFOPLIST_KEY_UILaunchStoryboardName = LaunchScreen;
				INFOPLIST_KEY_UIMainStoryboardFile = LaunchScreen;
				INFOPLIST_KEY_UISupportedInterfaceOrientations = "UIInterfaceOrientationLandscapeLeft UIInterfaceOrientationLandscapeRight UIInterfaceOrientationPortrait";
				IPHONEOS_DEPLOYMENT_TARGET = 15.0;
				LD_RUNPATH_SEARCH_PATHS = (
					"$(inherited)",
					"@executable_path/Frameworks",
				);
				MARKETING_VERSION = 1.0;
				PRODUCT_BUNDLE_IDENTIFIER = zemoga.TodoList;
				PRODUCT_NAME = "$(TARGET_NAME)";
				SUPPORTED_PLATFORMS = "iphoneos iphonesimulator";
				SUPPORTS_MACCATALYST = NO;
				SUPPORTS_MAC_DESIGNED_FOR_IPHONE_IPAD = NO;
				SWIFT_EMIT_LOC_STRINGS = YES;
				SWIFT_VERSION = 5.0;
				TARGETED_DEVICE_FAMILY = 1;
			};
			name = Release;
		};
		6422E8932901F5B700990A4B /* Debug */ = {
			isa = XCBuildConfiguration;
			buildSettings = {
				ALWAYS_EMBED_SWIFT_STANDARD_LIBRARIES = YES;
				BUNDLE_LOADER = "$(TEST_HOST)";
				CODE_SIGN_STYLE = Automatic;
				CURRENT_PROJECT_VERSION = 1;
				GENERATE_INFOPLIST_FILE = YES;
				IPHONEOS_DEPLOYMENT_TARGET = 15.5;
				MARKETING_VERSION = 1.0;
				PRODUCT_BUNDLE_IDENTIFIER = andres.rojas.TodoListTests;
				PRODUCT_NAME = "$(TARGET_NAME)";
				SWIFT_EMIT_LOC_STRINGS = NO;
				SWIFT_VERSION = 5.0;
				TARGETED_DEVICE_FAMILY = "1,2";
				TEST_HOST = "$(BUILT_PRODUCTS_DIR)/TodoList.app/TodoList";
			};
			name = Debug;
		};
		6422E8942901F5B700990A4B /* Release */ = {
			isa = XCBuildConfiguration;
			buildSettings = {
				ALWAYS_EMBED_SWIFT_STANDARD_LIBRARIES = YES;
				BUNDLE_LOADER = "$(TEST_HOST)";
				CODE_SIGN_STYLE = Automatic;
				CURRENT_PROJECT_VERSION = 1;
				GENERATE_INFOPLIST_FILE = YES;
				IPHONEOS_DEPLOYMENT_TARGET = 15.5;
				MARKETING_VERSION = 1.0;
				PRODUCT_BUNDLE_IDENTIFIER = andres.rojas.TodoListTests;
				PRODUCT_NAME = "$(TARGET_NAME)";
				SWIFT_EMIT_LOC_STRINGS = NO;
				SWIFT_VERSION = 5.0;
				TARGETED_DEVICE_FAMILY = "1,2";
				TEST_HOST = "$(BUILT_PRODUCTS_DIR)/TodoList.app/TodoList";
			};
			name = Release;
		};
		6422E8962901F5B700990A4B /* Debug */ = {
			isa = XCBuildConfiguration;
			buildSettings = {
				ALWAYS_EMBED_SWIFT_STANDARD_LIBRARIES = YES;
				CODE_SIGN_STYLE = Automatic;
				CURRENT_PROJECT_VERSION = 1;
				GENERATE_INFOPLIST_FILE = YES;
				MARKETING_VERSION = 1.0;
				PRODUCT_BUNDLE_IDENTIFIER = andres.rojas.TodoListUITests;
				PRODUCT_NAME = "$(TARGET_NAME)";
				SWIFT_EMIT_LOC_STRINGS = NO;
				SWIFT_VERSION = 5.0;
				TARGETED_DEVICE_FAMILY = "1,2";
				TEST_TARGET_NAME = TodoList;
			};
			name = Debug;
		};
		6422E8972901F5B700990A4B /* Release */ = {
			isa = XCBuildConfiguration;
			buildSettings = {
				ALWAYS_EMBED_SWIFT_STANDARD_LIBRARIES = YES;
				CODE_SIGN_STYLE = Automatic;
				CURRENT_PROJECT_VERSION = 1;
				GENERATE_INFOPLIST_FILE = YES;
				MARKETING_VERSION = 1.0;
				PRODUCT_BUNDLE_IDENTIFIER = andres.rojas.TodoListUITests;
				PRODUCT_NAME = "$(TARGET_NAME)";
				SWIFT_EMIT_LOC_STRINGS = NO;
				SWIFT_VERSION = 5.0;
				TARGETED_DEVICE_FAMILY = "1,2";
				TEST_TARGET_NAME = TodoList;
			};
			name = Release;
		};
		643F4E9529D4E26E00C5D114 /* Debug */ = {
			isa = XCBuildConfiguration;
			buildSettings = {
				CLANG_CXX_LANGUAGE_STANDARD = "gnu++20";
				CODE_SIGN_STYLE = Automatic;
				CURRENT_PROJECT_VERSION = 1;
				DEVELOPMENT_TEAM = FEX443V8U8;
				GENERATE_INFOPLIST_FILE = YES;
				INFOPLIST_FILE = TodoListIntentsUI/Info.plist;
				INFOPLIST_KEY_CFBundleDisplayName = TodoListIntentsUI;
				INFOPLIST_KEY_NSHumanReadableCopyright = "";
				IPHONEOS_DEPLOYMENT_TARGET = 15.0;
				LD_RUNPATH_SEARCH_PATHS = (
					"$(inherited)",
					"@executable_path/Frameworks",
					"@executable_path/../../Frameworks",
				);
				MARKETING_VERSION = 1.0;
				PRODUCT_BUNDLE_IDENTIFIER = zemoga.TodoList.TodoListIntentsUI;
				PRODUCT_NAME = "$(TARGET_NAME)";
				SKIP_INSTALL = YES;
				SWIFT_EMIT_LOC_STRINGS = YES;
				SWIFT_VERSION = 5.0;
				TARGETED_DEVICE_FAMILY = "1,2";
			};
			name = Debug;
		};
		643F4E9629D4E26E00C5D114 /* Release */ = {
			isa = XCBuildConfiguration;
			buildSettings = {
				CLANG_CXX_LANGUAGE_STANDARD = "gnu++20";
				CODE_SIGN_STYLE = Automatic;
				CURRENT_PROJECT_VERSION = 1;
				DEVELOPMENT_TEAM = FEX443V8U8;
				GENERATE_INFOPLIST_FILE = YES;
				INFOPLIST_FILE = TodoListIntentsUI/Info.plist;
				INFOPLIST_KEY_CFBundleDisplayName = TodoListIntentsUI;
				INFOPLIST_KEY_NSHumanReadableCopyright = "";
				IPHONEOS_DEPLOYMENT_TARGET = 15.0;
				LD_RUNPATH_SEARCH_PATHS = (
					"$(inherited)",
					"@executable_path/Frameworks",
					"@executable_path/../../Frameworks",
				);
				MARKETING_VERSION = 1.0;
				PRODUCT_BUNDLE_IDENTIFIER = zemoga.TodoList.TodoListIntentsUI;
				PRODUCT_NAME = "$(TARGET_NAME)";
				SKIP_INSTALL = YES;
				SWIFT_EMIT_LOC_STRINGS = YES;
				SWIFT_VERSION = 5.0;
				TARGETED_DEVICE_FAMILY = "1,2";
			};
			name = Release;
		};
		643F4E9829D4E26E00C5D114 /* Debug */ = {
			isa = XCBuildConfiguration;
			buildSettings = {
				CLANG_CXX_LANGUAGE_STANDARD = "gnu++20";
				CODE_SIGN_ENTITLEMENTS = TodoListIntents/TodoListIntents.entitlements;
				CODE_SIGN_STYLE = Automatic;
				CURRENT_PROJECT_VERSION = 1;
				DEVELOPMENT_ASSET_PATHS = "";
				DEVELOPMENT_TEAM = FEX443V8U8;
				GENERATE_INFOPLIST_FILE = YES;
				INFOPLIST_FILE = TodoListIntents/Info.plist;
				INFOPLIST_KEY_CFBundleDisplayName = TodoListIntents;
				INFOPLIST_KEY_NSHumanReadableCopyright = "";
				IPHONEOS_DEPLOYMENT_TARGET = 15.0;
				LD_RUNPATH_SEARCH_PATHS = (
					"$(inherited)",
					"@executable_path/Frameworks",
					"@executable_path/../../Frameworks",
				);
				MARKETING_VERSION = 1.0;
				PRODUCT_BUNDLE_IDENTIFIER = zemoga.TodoList.TodoListIntents;
				PRODUCT_NAME = "$(TARGET_NAME)";
				SKIP_INSTALL = YES;
				SWIFT_EMIT_LOC_STRINGS = YES;
				SWIFT_VERSION = 5.0;
				TARGETED_DEVICE_FAMILY = "1,2";
			};
			name = Debug;
		};
		643F4E9929D4E26E00C5D114 /* Release */ = {
			isa = XCBuildConfiguration;
			buildSettings = {
				CLANG_CXX_LANGUAGE_STANDARD = "gnu++20";
				CODE_SIGN_ENTITLEMENTS = TodoListIntents/TodoListIntents.entitlements;
				CODE_SIGN_STYLE = Automatic;
				CURRENT_PROJECT_VERSION = 1;
				DEVELOPMENT_ASSET_PATHS = "";
				DEVELOPMENT_TEAM = FEX443V8U8;
				GENERATE_INFOPLIST_FILE = YES;
				INFOPLIST_FILE = TodoListIntents/Info.plist;
				INFOPLIST_KEY_CFBundleDisplayName = TodoListIntents;
				INFOPLIST_KEY_NSHumanReadableCopyright = "";
				IPHONEOS_DEPLOYMENT_TARGET = 15.0;
				LD_RUNPATH_SEARCH_PATHS = (
					"$(inherited)",
					"@executable_path/Frameworks",
					"@executable_path/../../Frameworks",
				);
				MARKETING_VERSION = 1.0;
				PRODUCT_BUNDLE_IDENTIFIER = zemoga.TodoList.TodoListIntents;
				PRODUCT_NAME = "$(TARGET_NAME)";
				SKIP_INSTALL = YES;
				SWIFT_EMIT_LOC_STRINGS = YES;
				SWIFT_VERSION = 5.0;
				TARGETED_DEVICE_FAMILY = "1,2";
			};
			name = Release;
		};
/* End XCBuildConfiguration section */

/* Begin XCConfigurationList section */
		6422E8602901F5B500990A4B /* Build configuration list for PBXProject "TodoList" */ = {
			isa = XCConfigurationList;
			buildConfigurations = (
				6422E88D2901F5B700990A4B /* Debug */,
				6422E88E2901F5B700990A4B /* Release */,
			);
			defaultConfigurationIsVisible = 0;
			defaultConfigurationName = Release;
		};
		6422E88F2901F5B700990A4B /* Build configuration list for PBXNativeTarget "TodoList" */ = {
			isa = XCConfigurationList;
			buildConfigurations = (
				6422E8902901F5B700990A4B /* Debug */,
				6422E8912901F5B700990A4B /* Release */,
			);
			defaultConfigurationIsVisible = 0;
			defaultConfigurationName = Release;
		};
		6422E8922901F5B700990A4B /* Build configuration list for PBXNativeTarget "TodoListTests" */ = {
			isa = XCConfigurationList;
			buildConfigurations = (
				6422E8932901F5B700990A4B /* Debug */,
				6422E8942901F5B700990A4B /* Release */,
			);
			defaultConfigurationIsVisible = 0;
			defaultConfigurationName = Release;
		};
		6422E8952901F5B700990A4B /* Build configuration list for PBXNativeTarget "TodoListUITests" */ = {
			isa = XCConfigurationList;
			buildConfigurations = (
				6422E8962901F5B700990A4B /* Debug */,
				6422E8972901F5B700990A4B /* Release */,
			);
			defaultConfigurationIsVisible = 0;
			defaultConfigurationName = Release;
		};
		643F4E9429D4E26E00C5D114 /* Build configuration list for PBXNativeTarget "TodoListIntentsUI" */ = {
			isa = XCConfigurationList;
			buildConfigurations = (
				643F4E9529D4E26E00C5D114 /* Debug */,
				643F4E9629D4E26E00C5D114 /* Release */,
			);
			defaultConfigurationIsVisible = 0;
			defaultConfigurationName = Release;
		};
		643F4E9729D4E26E00C5D114 /* Build configuration list for PBXNativeTarget "TodoListIntents" */ = {
			isa = XCConfigurationList;
			buildConfigurations = (
				643F4E9829D4E26E00C5D114 /* Debug */,
				643F4E9929D4E26E00C5D114 /* Release */,
			);
			defaultConfigurationIsVisible = 0;
			defaultConfigurationName = Release;
		};
/* End XCConfigurationList section */

/* Begin XCVersionGroup section */
		3461A48B2A2FA72C00B00520 /* TodoList.xcdatamodeld */ = {
			isa = XCVersionGroup;
			children = (
				3461A48C2A2FA72C00B00520 /* TodoList.xcdatamodel */,
			);
			currentVersion = 3461A48C2A2FA72C00B00520 /* TodoList.xcdatamodel */;
			name = TodoList.xcdatamodeld;
			path = ../../Resources/TodoList.xcdatamodeld;
			sourceTree = "<group>";
			versionGroupType = wrapper.xcdatamodel;
		};
/* End XCVersionGroup section */
	};
	rootObject = 6422E85D2901F5B500990A4B /* Project object */;
}
